
Microsoft Visual Studio Solution File, Format Version 12.00
# Visual Studio Version 16
VisualStudioVersion = 16.0.31729.503
MinimumVisualStudioVersion = 10.0.40219.1
Project("{FAE04EC0-301F-11D3-BF4B-00C04F79EFBC}") = "CheckLiveCCV", "CheckLiveCCV\CheckLiveCCV.csproj", "{3FF80071-680F-4F8E-A034-03539A69D448}"
EndProject
Global
	GlobalSection(SolutionConfigurationPlatforms) = preSolution
		Debug|Any CPU = Debug|Any CPU
		Release|Any CPU = Release|Any CPU
	EndGlobalSection
	GlobalSection(ProjectConfigurationPlatforms) = postSolution
		{3FF80071-680F-4F8E-A034-03539A69D448}.Debug|Any CPU.ActiveCfg = Debug|Any CPU
		{3FF80071-680F-4F8E-A034-03539A69D448}.Debug|Any CPU.Build.0 = Debug|Any CPU
		{3FF80071-680F-4F8E-A034-03539A69D448}.Release|Any CPU.ActiveCfg = Release|Any CPU
		{3FF80071-680F-4F8E-A034-03539A69D448}.Release|Any CPU.Build.0 = Release|Any CPU
	EndGlobalSection
	GlobalSection(SolutionProperties) = preSolution
		HideSolutionNode = FALSE
	EndGlobalSection
	GlobalSection(ExtensibilityGlobals) = postSolution
		SolutionGuid = {5C6E81FA-626F-4536-B1CD-CF41B0A835B7}
	EndGlobalSection
EndGlobal
